
Microsoft Visual Studio Solution File, Format Version 12.00
# Visual Studio Version 17
VisualStudioVersion = 17.13.35931.197
MinimumVisualStudioVersion = 10.0.40219.1
Project("{FAE04EC0-301F-11D3-BF4B-00C04F79EFBC}") = "EasyEnglish.App", "EasyEnglish.App\EasyEnglish.App.csproj", "{8B431767-1DD3-4454-A800-72C8AEBD7926}"
EndProject
Project("{FAE04EC0-301F-11D3-BF4B-00C04F79EFBC}") = "EasyEnglish.Core", "EasyEnglish.Core\EasyEnglish.Core.csproj", "{DF2625D1-987F-47F0-9C98-1BB887AF4083}"
EndProject
Project("{FAE04EC0-301F-11D3-BF4B-00C04F79EFBC}") = "EasyEnglish.Data", "EasyEnglish.Data\EasyEnglish.Data.csproj", "{7E646957-65D7-49C9-8ECF-138F93E0ADD4}"
EndProject
Project("{FAE04EC0-301F-11D3-BF4B-00C04F79EFBC}") = "EasyEnglish.Services", "EasyEnglish.Services\EasyEnglish.Services.csproj", "{DE4994AF-66FF-48DE-8165-6874BAE3B755}"
EndProject
Project("{FAE04EC0-301F-11D3-BF4B-00C04F79EFBC}") = "MukhaLib.Database", "MukhaLib.Database\MukhaLib.Database.csproj", "{CB36BCE1-EBBC-431F-8A85-741F3D6AC89D}"
EndProject
Project("{FAE04EC0-301F-11D3-BF4B-00C04F79EFBC}") = "MukhaLib.SelectQueryParameters", "MukhaLib.SelectQueryParameters\MukhaLib.SelectQueryParameters.csproj", "{0E0DDE8B-B45F-4256-8CAD-8CA66345DF91}"
EndProject
Project("{FAE04EC0-301F-11D3-BF4B-00C04F79EFBC}") = "MukhaLib.LogerExtensionDelegate", "MukhaLib.LogerExtensionDelegate\MukhaLib.LogerExtensionDelegate.csproj", "{B776E896-C44C-4767-97B7-AC250F9227C7}"
EndProject
Project("{FAE04EC0-301F-11D3-BF4B-00C04F79EFBC}") = "EasyEnglish.Docs", "EasyEnglish.Docs\EasyEnglish.Docs.csproj", "{0E2CD9D1-254D-4293-8F51-EACEFCD243E5}"
EndProject
Project("{FAE04EC0-301F-11D3-BF4B-00C04F79EFBC}") = "EasyEnglish.Theme", "EasyEnglish.Theme\EasyEnglish.Theme.csproj", "{F0286447-8A60-4E69-85A6-FB7D39CB69CE}"
EndProject
Project("{FAE04EC0-301F-11D3-BF4B-00C04F79EFBC}") = "EasyEnglish.Theme.Demo", "EasyEnglish.Theme.Demo\EasyEnglish.Theme.Demo.csproj", "{50FFB863-DBD1-4BAF-B0CA-EFFF7E840535}"
EndProject
Global
	GlobalSection(SolutionConfigurationPlatforms) = preSolution
		Debug|Any CPU = Debug|Any CPU
		Release|Any CPU = Release|Any CPU
	EndGlobalSection
	GlobalSection(ProjectConfigurationPlatforms) = postSolution
		{8B431767-1DD3-4454-A800-72C8AEBD7926}.Debug|Any CPU.ActiveCfg = Debug|Any CPU
		{8B431767-1DD3-4454-A800-72C8AEBD7926}.Debug|Any CPU.Build.0 = Debug|Any CPU
		{8B431767-1DD3-4454-A800-72C8AEBD7926}.Release|Any CPU.ActiveCfg = Release|Any CPU
		{8B431767-1DD3-4454-A800-72C8AEBD7926}.Release|Any CPU.Build.0 = Release|Any CPU
		{DF2625D1-987F-47F0-9C98-1BB887AF4083}.Debug|Any CPU.ActiveCfg = Debug|Any CPU
		{DF2625D1-987F-47F0-9C98-1BB887AF4083}.Debug|Any CPU.Build.0 = Debug|Any CPU
		{DF2625D1-987F-47F0-9C98-1BB887AF4083}.Release|Any CPU.ActiveCfg = Release|Any CPU
		{DF2625D1-987F-47F0-9C98-1BB887AF4083}.Release|Any CPU.Build.0 = Release|Any CPU
		{7E646957-65D7-49C9-8ECF-138F93E0ADD4}.Debug|Any CPU.ActiveCfg = Debug|Any CPU
		{7E646957-65D7-49C9-8ECF-138F93E0ADD4}.Debug|Any CPU.Build.0 = Debug|Any CPU
		{7E646957-65D7-49C9-8ECF-138F93E0ADD4}.Release|Any CPU.ActiveCfg = Release|Any CPU
		{7E646957-65D7-49C9-8ECF-138F93E0ADD4}.Release|Any CPU.Build.0 = Release|Any CPU
		{DE4994AF-66FF-48DE-8165-6874BAE3B755}.Debug|Any CPU.ActiveCfg = Debug|Any CPU
		{DE4994AF-66FF-48DE-8165-6874BAE3B755}.Debug|Any CPU.Build.0 = Debug|Any CPU
		{DE4994AF-66FF-48DE-8165-6874BAE3B755}.Release|Any CPU.ActiveCfg = Release|Any CPU
		{DE4994AF-66FF-48DE-8165-6874BAE3B755}.Release|Any CPU.Build.0 = Release|Any CPU
		{CB36BCE1-EBBC-431F-8A85-741F3D6AC89D}.Debug|Any CPU.ActiveCfg = Debug|Any CPU
		{CB36BCE1-EBBC-431F-8A85-741F3D6AC89D}.Debug|Any CPU.Build.0 = Debug|Any CPU
		{CB36BCE1-EBBC-431F-8A85-741F3D6AC89D}.Release|Any CPU.ActiveCfg = Release|Any CPU
		{CB36BCE1-EBBC-431F-8A85-741F3D6AC89D}.Release|Any CPU.Build.0 = Release|Any CPU
		{0E0DDE8B-B45F-4256-8CAD-8CA66345DF91}.Debug|Any CPU.ActiveCfg = Debug|Any CPU
		{0E0DDE8B-B45F-4256-8CAD-8CA66345DF91}.Debug|Any CPU.Build.0 = Debug|Any CPU
		{0E0DDE8B-B45F-4256-8CAD-8CA66345DF91}.Release|Any CPU.ActiveCfg = Release|Any CPU
		{0E0DDE8B-B45F-4256-8CAD-8CA66345DF91}.Release|Any CPU.Build.0 = Release|Any CPU
		{B776E896-C44C-4767-97B7-AC250F9227C7}.Debug|Any CPU.ActiveCfg = Debug|Any CPU
		{B776E896-C44C-4767-97B7-AC250F9227C7}.Debug|Any CPU.Build.0 = Debug|Any CPU
		{B776E896-C44C-4767-97B7-AC250F9227C7}.Release|Any CPU.ActiveCfg = Release|Any CPU
		{B776E896-C44C-4767-97B7-AC250F9227C7}.Release|Any CPU.Build.0 = Release|Any CPU
		{0E2CD9D1-254D-4293-8F51-EACEFCD243E5}.Debug|Any CPU.ActiveCfg = Debug|Any CPU
		{0E2CD9D1-254D-4293-8F51-EACEFCD243E5}.Debug|Any CPU.Build.0 = Debug|Any CPU
		{0E2CD9D1-254D-4293-8F51-EACEFCD243E5}.Release|Any CPU.ActiveCfg = Release|Any CPU
		{0E2CD9D1-254D-4293-8F51-EACEFCD243E5}.Release|Any CPU.Build.0 = Release|Any CPU
		{F0286447-8A60-4E69-85A6-FB7D39CB69CE}.Debug|Any CPU.ActiveCfg = Debug|Any CPU
		{F0286447-8A60-4E69-85A6-FB7D39CB69CE}.Debug|Any CPU.Build.0 = Debug|Any CPU
		{F0286447-8A60-4E69-85A6-FB7D39CB69CE}.Release|Any CPU.ActiveCfg = Release|Any CPU
		{F0286447-8A60-4E69-85A6-FB7D39CB69CE}.Release|Any CPU.Build.0 = Release|Any CPU
		{50FFB863-DBD1-4BAF-B0CA-EFFF7E840535}.Debug|Any CPU.ActiveCfg = Debug|Any CPU
		{50FFB863-DBD1-4BAF-B0CA-EFFF7E840535}.Debug|Any CPU.Build.0 = Debug|Any CPU
		{50FFB863-DBD1-4BAF-B0CA-EFFF7E840535}.Debug|Any CPU.Deploy.0 = Debug|Any CPU
		{50FFB863-DBD1-4BAF-B0CA-EFFF7E840535}.Release|Any CPU.ActiveCfg = Release|Any CPU
		{50FFB863-DBD1-4BAF-B0CA-EFFF7E840535}.Release|Any CPU.Build.0 = Release|Any CPU
	EndGlobalSection
	GlobalSection(SolutionProperties) = preSolution
		HideSolutionNode = FALSE
	EndGlobalSection
	GlobalSection(ExtensibilityGlobals) = postSolution
		SolutionGuid = {96068FA4-A935-494E-BD35-B9175049863F}
	EndGlobalSection
EndGlobal
