
Microsoft Visual Studio Solution File, Format Version 12.00
# Visual Studio Version 17
VisualStudioVersion = 17.13.35931.197
MinimumVisualStudioVersion = 10.0.40219.1
Project("{FAE04EC0-301F-11D3-BF4B-00C04F79EFBC}") = "EasyEnglish.App", "EasyEnglish.App\EasyEnglish.App.csproj", "{8B431767-1DD3-4454-A800-72C8AEBD7926}"
EndProject
Project("{FAE04EC0-301F-11D3-BF4B-00C04F79EFBC}") = "EasyEnglish.Core", "EasyEnglish.Core\EasyEnglish.Core.csproj", "{DF2625D1-987F-47F0-9C98-1BB887AF4083}"
EndProject
Project("{FAE04EC0-301F-11D3-BF4B-00C04F79EFBC}") = "EasyEnglish.Data", "EasyEnglish.Data\EasyEnglish.Data.csproj", "{7E646957-65D7-49C9-8ECF-138F93E0ADD4}"
EndProject
Project("{FAE04EC0-301F-11D3-BF4B-00C04F79EFBC}") = "EasyEnglish.Business", "EasyEnglish.Business\EasyEnglish.Business.csproj", "{DE4994AF-66FF-48DE-8165-6874BAE3B755}"
EndProject
Project("{FAE04EC0-301F-11D3-BF4B-00C04F79EFBC}") = "MukhaLab.Database", "MukhaLab.Database\MukhaLab.Database.csproj", "{CB36BCE1-EBBC-431F-8A85-741F3D6AC89D}"
EndProject
Project("{FAE04EC0-301F-11D3-BF4B-00C04F79EFBC}") = "MukhaLab.SelectQueryParameters", "MukhaLab.SelectQueryParameters\MukhaLab.SelectQueryParameters.csproj", "{0E0DDE8B-B45F-4256-8CAD-8CA66345DF91}"
EndProject
Project("{FAE04EC0-301F-11D3-BF4B-00C04F79EFBC}") = "MukhaLab.LoggerExtensionDelegate", "MukhaLab.LoggerExtensionDelegate\MukhaLab.LoggerExtensionDelegate.csproj", "{B776E896-C44C-4767-97B7-AC250F9227C7}"
EndProject
Project("{FAE04EC0-301F-11D3-BF4B-00C04F79EFBC}") = "EasyEnglish.Docs", "EasyEnglish.Docs\EasyEnglish.Docs.csproj", "{0E2CD9D1-254D-4293-8F51-EACEFCD243E5}"
EndProject
Project("{FAE04EC0-301F-11D3-BF4B-00C04F79EFBC}") = "MukhaLab.BrowserConsoleLogger", "MukhaLab.BrowserConsoleLogger\MukhaLab.BrowserConsoleLogger.csproj", "{B24C4C5B-30CF-4013-8033-C5A012FDA99D}"
EndProject
Project("{FAE04EC0-301F-11D3-BF4B-00C04F79EFBC}") = "EasyEnglish.Cache", "EasyEnglish.Cache\EasyEnglish.Cache.csproj", "{7C0221FF-9F8F-48B8-B95D-4F4B3B48CFED}"
EndProject
Project("{FAE04EC0-301F-11D3-BF4B-00C04F79EFBC}") = "EasyEnglish.ContentTools", "EasyEnglish.ContentTools\EasyEnglish.ContentTools.csproj", "{62B68581-4F80-4A95-A070-FFDB53D65097}"
EndProject
Project("{FAE04EC0-301F-11D3-BF4B-00C04F79EFBC}") = "MukhaLab.SelectQueryParameters.Tests", "MukhaLab.SelectQueryParameters.Tests\MukhaLab.SelectQueryParameters.Tests.csproj", "{5228A2BD-E7DB-46F1-8712-85C1482F4DB3}"
EndProject
Project("{FAE04EC0-301F-11D3-BF4B-00C04F79EFBC}") = "MukhaLab.Database.Tests", "MukhaLab.Database.Tests\MukhaLab.Database.Tests.csproj", "{599A25A4-F13A-4B10-91EB-DE51E6BDF4A4}"
EndProject
Project("{FAE04EC0-301F-11D3-BF4B-00C04F79EFBC}") = "MukhaLab.BrowserConsoleLogger.Tests", "MukhaLab.BrowserConsoleLogger.Tests\MukhaLab.BrowserConsoleLogger.Tests.csproj", "{E579F659-EFC3-4131-AEC8-7BE843CDD13C}"
EndProject
Project("{FAE04EC0-301F-11D3-BF4B-00C04F79EFBC}") = "MukhaLab.LoggerExtensionDelegate.Tests", "MukhaLab.LoggerExtensionDelegate.Tests\MukhaLab.LoggerExtensionDelegate.Tests.csproj", "{7D8755BD-17AC-4285-AFB4-DB54C025D9FF}"
EndProject
Project("{FAE04EC0-301F-11D3-BF4B-00C04F79EFBC}") = "EasyEnglish.Core.Tests", "EasyEnglish.Core.Tests\EasyEnglish.Core.Tests.csproj", "{E8ED01A4-D308-4A84-A269-4B1BD17E0842}"
EndProject
Project("{FAE04EC0-301F-11D3-BF4B-00C04F79EFBC}") = "EasyEnglish.Data.Tests", "EasyEnglish.Data.Tests\EasyEnglish.Data.Tests.csproj", "{1F923F61-97BA-4493-89CF-55B714B75B02}"
EndProject
Global
	GlobalSection(SolutionConfigurationPlatforms) = preSolution
		Debug|Any CPU = Debug|Any CPU
		Debug|x64 = Debug|x64
		Debug|x86 = Debug|x86
		Release|Any CPU = Release|Any CPU
		Release|x64 = Release|x64
		Release|x86 = Release|x86
	EndGlobalSection
	GlobalSection(ProjectConfigurationPlatforms) = postSolution
		{8B431767-1DD3-4454-A800-72C8AEBD7926}.Debug|Any CPU.ActiveCfg = Debug|Any CPU
		{8B431767-1DD3-4454-A800-72C8AEBD7926}.Debug|Any CPU.Build.0 = Debug|Any CPU
		{8B431767-1DD3-4454-A800-72C8AEBD7926}.Debug|x64.ActiveCfg = Debug|Any CPU
		{8B431767-1DD3-4454-A800-72C8AEBD7926}.Debug|x64.Build.0 = Debug|Any CPU
		{8B431767-1DD3-4454-A800-72C8AEBD7926}.Debug|x86.ActiveCfg = Debug|Any CPU
		{8B431767-1DD3-4454-A800-72C8AEBD7926}.Debug|x86.Build.0 = Debug|Any CPU
		{8B431767-1DD3-4454-A800-72C8AEBD7926}.Release|Any CPU.ActiveCfg = Release|Any CPU
		{8B431767-1DD3-4454-A800-72C8AEBD7926}.Release|Any CPU.Build.0 = Release|Any CPU
		{8B431767-1DD3-4454-A800-72C8AEBD7926}.Release|Any CPU.Deploy.0 = Release|Any CPU
		{8B431767-1DD3-4454-A800-72C8AEBD7926}.Release|x64.ActiveCfg = Release|Any CPU
		{8B431767-1DD3-4454-A800-72C8AEBD7926}.Release|x64.Build.0 = Release|Any CPU
		{8B431767-1DD3-4454-A800-72C8AEBD7926}.Release|x86.ActiveCfg = Release|Any CPU
		{8B431767-1DD3-4454-A800-72C8AEBD7926}.Release|x86.Build.0 = Release|Any CPU
		{DF2625D1-987F-47F0-9C98-1BB887AF4083}.Debug|Any CPU.ActiveCfg = Debug|Any CPU
		{DF2625D1-987F-47F0-9C98-1BB887AF4083}.Debug|Any CPU.Build.0 = Debug|Any CPU
		{DF2625D1-987F-47F0-9C98-1BB887AF4083}.Debug|x64.ActiveCfg = Debug|Any CPU
		{DF2625D1-987F-47F0-9C98-1BB887AF4083}.Debug|x64.Build.0 = Debug|Any CPU
		{DF2625D1-987F-47F0-9C98-1BB887AF4083}.Debug|x86.ActiveCfg = Debug|Any CPU
		{DF2625D1-987F-47F0-9C98-1BB887AF4083}.Debug|x86.Build.0 = Debug|Any CPU
		{DF2625D1-987F-47F0-9C98-1BB887AF4083}.Release|Any CPU.ActiveCfg = Release|Any CPU
		{DF2625D1-987F-47F0-9C98-1BB887AF4083}.Release|Any CPU.Build.0 = Release|Any CPU
		{DF2625D1-987F-47F0-9C98-1BB887AF4083}.Release|x64.ActiveCfg = Release|Any CPU
		{DF2625D1-987F-47F0-9C98-1BB887AF4083}.Release|x64.Build.0 = Release|Any CPU
		{DF2625D1-987F-47F0-9C98-1BB887AF4083}.Release|x86.ActiveCfg = Release|Any CPU
		{DF2625D1-987F-47F0-9C98-1BB887AF4083}.Release|x86.Build.0 = Release|Any CPU
		{7E646957-65D7-49C9-8ECF-138F93E0ADD4}.Debug|Any CPU.ActiveCfg = Debug|Any CPU
		{7E646957-65D7-49C9-8ECF-138F93E0ADD4}.Debug|Any CPU.Build.0 = Debug|Any CPU
		{7E646957-65D7-49C9-8ECF-138F93E0ADD4}.Debug|x64.ActiveCfg = Debug|Any CPU
		{7E646957-65D7-49C9-8ECF-138F93E0ADD4}.Debug|x64.Build.0 = Debug|Any CPU
		{7E646957-65D7-49C9-8ECF-138F93E0ADD4}.Debug|x86.ActiveCfg = Debug|Any CPU
		{7E646957-65D7-49C9-8ECF-138F93E0ADD4}.Debug|x86.Build.0 = Debug|Any CPU
		{7E646957-65D7-49C9-8ECF-138F93E0ADD4}.Release|Any CPU.ActiveCfg = Release|Any CPU
		{7E646957-65D7-49C9-8ECF-138F93E0ADD4}.Release|Any CPU.Build.0 = Release|Any CPU
		{7E646957-65D7-49C9-8ECF-138F93E0ADD4}.Release|x64.ActiveCfg = Release|Any CPU
		{7E646957-65D7-49C9-8ECF-138F93E0ADD4}.Release|x64.Build.0 = Release|Any CPU
		{7E646957-65D7-49C9-8ECF-138F93E0ADD4}.Release|x86.ActiveCfg = Release|Any CPU
		{7E646957-65D7-49C9-8ECF-138F93E0ADD4}.Release|x86.Build.0 = Release|Any CPU
		{DE4994AF-66FF-48DE-8165-6874BAE3B755}.Debug|Any CPU.ActiveCfg = Debug|Any CPU
		{DE4994AF-66FF-48DE-8165-6874BAE3B755}.Debug|Any CPU.Build.0 = Debug|Any CPU
		{DE4994AF-66FF-48DE-8165-6874BAE3B755}.Debug|x64.ActiveCfg = Debug|Any CPU
		{DE4994AF-66FF-48DE-8165-6874BAE3B755}.Debug|x64.Build.0 = Debug|Any CPU
		{DE4994AF-66FF-48DE-8165-6874BAE3B755}.Debug|x86.ActiveCfg = Debug|Any CPU
		{DE4994AF-66FF-48DE-8165-6874BAE3B755}.Debug|x86.Build.0 = Debug|Any CPU
		{DE4994AF-66FF-48DE-8165-6874BAE3B755}.Release|Any CPU.ActiveCfg = Release|Any CPU
		{DE4994AF-66FF-48DE-8165-6874BAE3B755}.Release|Any CPU.Build.0 = Release|Any CPU
		{DE4994AF-66FF-48DE-8165-6874BAE3B755}.Release|x64.ActiveCfg = Release|Any CPU
		{DE4994AF-66FF-48DE-8165-6874BAE3B755}.Release|x64.Build.0 = Release|Any CPU
		{DE4994AF-66FF-48DE-8165-6874BAE3B755}.Release|x86.ActiveCfg = Release|Any CPU
		{DE4994AF-66FF-48DE-8165-6874BAE3B755}.Release|x86.Build.0 = Release|Any CPU
		{CB36BCE1-EBBC-431F-8A85-741F3D6AC89D}.Debug|Any CPU.ActiveCfg = Debug|Any CPU
		{CB36BCE1-EBBC-431F-8A85-741F3D6AC89D}.Debug|Any CPU.Build.0 = Debug|Any CPU
		{CB36BCE1-EBBC-431F-8A85-741F3D6AC89D}.Debug|x64.ActiveCfg = Debug|Any CPU
		{CB36BCE1-EBBC-431F-8A85-741F3D6AC89D}.Debug|x64.Build.0 = Debug|Any CPU
		{CB36BCE1-EBBC-431F-8A85-741F3D6AC89D}.Debug|x86.ActiveCfg = Debug|Any CPU
		{CB36BCE1-EBBC-431F-8A85-741F3D6AC89D}.Debug|x86.Build.0 = Debug|Any CPU
		{CB36BCE1-EBBC-431F-8A85-741F3D6AC89D}.Release|Any CPU.ActiveCfg = Release|Any CPU
		{CB36BCE1-EBBC-431F-8A85-741F3D6AC89D}.Release|Any CPU.Build.0 = Release|Any CPU
		{CB36BCE1-EBBC-431F-8A85-741F3D6AC89D}.Release|x64.ActiveCfg = Release|Any CPU
		{CB36BCE1-EBBC-431F-8A85-741F3D6AC89D}.Release|x64.Build.0 = Release|Any CPU
		{CB36BCE1-EBBC-431F-8A85-741F3D6AC89D}.Release|x86.ActiveCfg = Release|Any CPU
		{CB36BCE1-EBBC-431F-8A85-741F3D6AC89D}.Release|x86.Build.0 = Release|Any CPU
		{0E0DDE8B-B45F-4256-8CAD-8CA66345DF91}.Debug|Any CPU.ActiveCfg = Debug|Any CPU
		{0E0DDE8B-B45F-4256-8CAD-8CA66345DF91}.Debug|Any CPU.Build.0 = Debug|Any CPU
		{0E0DDE8B-B45F-4256-8CAD-8CA66345DF91}.Debug|x64.ActiveCfg = Debug|Any CPU
		{0E0DDE8B-B45F-4256-8CAD-8CA66345DF91}.Debug|x64.Build.0 = Debug|Any CPU
		{0E0DDE8B-B45F-4256-8CAD-8CA66345DF91}.Debug|x86.ActiveCfg = Debug|Any CPU
		{0E0DDE8B-B45F-4256-8CAD-8CA66345DF91}.Debug|x86.Build.0 = Debug|Any CPU
		{0E0DDE8B-B45F-4256-8CAD-8CA66345DF91}.Release|Any CPU.ActiveCfg = Release|Any CPU
		{0E0DDE8B-B45F-4256-8CAD-8CA66345DF91}.Release|Any CPU.Build.0 = Release|Any CPU
		{0E0DDE8B-B45F-4256-8CAD-8CA66345DF91}.Release|x64.ActiveCfg = Release|Any CPU
		{0E0DDE8B-B45F-4256-8CAD-8CA66345DF91}.Release|x64.Build.0 = Release|Any CPU
		{0E0DDE8B-B45F-4256-8CAD-8CA66345DF91}.Release|x86.ActiveCfg = Release|Any CPU
		{0E0DDE8B-B45F-4256-8CAD-8CA66345DF91}.Release|x86.Build.0 = Release|Any CPU
		{B776E896-C44C-4767-97B7-AC250F9227C7}.Debug|Any CPU.ActiveCfg = Debug|Any CPU
		{B776E896-C44C-4767-97B7-AC250F9227C7}.Debug|Any CPU.Build.0 = Debug|Any CPU
		{B776E896-C44C-4767-97B7-AC250F9227C7}.Debug|x64.ActiveCfg = Debug|Any CPU
		{B776E896-C44C-4767-97B7-AC250F9227C7}.Debug|x64.Build.0 = Debug|Any CPU
		{B776E896-C44C-4767-97B7-AC250F9227C7}.Debug|x86.ActiveCfg = Debug|Any CPU
		{B776E896-C44C-4767-97B7-AC250F9227C7}.Debug|x86.Build.0 = Debug|Any CPU
		{B776E896-C44C-4767-97B7-AC250F9227C7}.Release|Any CPU.ActiveCfg = Release|Any CPU
		{B776E896-C44C-4767-97B7-AC250F9227C7}.Release|Any CPU.Build.0 = Release|Any CPU
		{B776E896-C44C-4767-97B7-AC250F9227C7}.Release|x64.ActiveCfg = Release|Any CPU
		{B776E896-C44C-4767-97B7-AC250F9227C7}.Release|x64.Build.0 = Release|Any CPU
		{B776E896-C44C-4767-97B7-AC250F9227C7}.Release|x86.ActiveCfg = Release|Any CPU
		{B776E896-C44C-4767-97B7-AC250F9227C7}.Release|x86.Build.0 = Release|Any CPU
		{0E2CD9D1-254D-4293-8F51-EACEFCD243E5}.Debug|Any CPU.ActiveCfg = Debug|Any CPU
		{0E2CD9D1-254D-4293-8F51-EACEFCD243E5}.Debug|Any CPU.Build.0 = Debug|Any CPU
		{0E2CD9D1-254D-4293-8F51-EACEFCD243E5}.Debug|x64.ActiveCfg = Debug|Any CPU
		{0E2CD9D1-254D-4293-8F51-EACEFCD243E5}.Debug|x64.Build.0 = Debug|Any CPU
		{0E2CD9D1-254D-4293-8F51-EACEFCD243E5}.Debug|x86.ActiveCfg = Debug|Any CPU
		{0E2CD9D1-254D-4293-8F51-EACEFCD243E5}.Debug|x86.Build.0 = Debug|Any CPU
		{0E2CD9D1-254D-4293-8F51-EACEFCD243E5}.Release|Any CPU.ActiveCfg = Release|Any CPU
		{0E2CD9D1-254D-4293-8F51-EACEFCD243E5}.Release|Any CPU.Build.0 = Release|Any CPU
		{0E2CD9D1-254D-4293-8F51-EACEFCD243E5}.Release|x64.ActiveCfg = Release|Any CPU
		{0E2CD9D1-254D-4293-8F51-EACEFCD243E5}.Release|x64.Build.0 = Release|Any CPU
		{0E2CD9D1-254D-4293-8F51-EACEFCD243E5}.Release|x86.ActiveCfg = Release|Any CPU
		{0E2CD9D1-254D-4293-8F51-EACEFCD243E5}.Release|x86.Build.0 = Release|Any CPU
		{B24C4C5B-30CF-4013-8033-C5A012FDA99D}.Debug|Any CPU.ActiveCfg = Debug|Any CPU
		{B24C4C5B-30CF-4013-8033-C5A012FDA99D}.Debug|Any CPU.Build.0 = Debug|Any CPU
		{B24C4C5B-30CF-4013-8033-C5A012FDA99D}.Debug|x64.ActiveCfg = Debug|Any CPU
		{B24C4C5B-30CF-4013-8033-C5A012FDA99D}.Debug|x64.Build.0 = Debug|Any CPU
		{B24C4C5B-30CF-4013-8033-C5A012FDA99D}.Debug|x86.ActiveCfg = Debug|Any CPU
		{B24C4C5B-30CF-4013-8033-C5A012FDA99D}.Debug|x86.Build.0 = Debug|Any CPU
		{B24C4C5B-30CF-4013-8033-C5A012FDA99D}.Release|Any CPU.ActiveCfg = Release|Any CPU
		{B24C4C5B-30CF-4013-8033-C5A012FDA99D}.Release|Any CPU.Build.0 = Release|Any CPU
		{B24C4C5B-30CF-4013-8033-C5A012FDA99D}.Release|x64.ActiveCfg = Release|Any CPU
		{B24C4C5B-30CF-4013-8033-C5A012FDA99D}.Release|x64.Build.0 = Release|Any CPU
		{B24C4C5B-30CF-4013-8033-C5A012FDA99D}.Release|x86.ActiveCfg = Release|Any CPU
		{B24C4C5B-30CF-4013-8033-C5A012FDA99D}.Release|x86.Build.0 = Release|Any CPU
		{7C0221FF-9F8F-48B8-B95D-4F4B3B48CFED}.Debug|Any CPU.ActiveCfg = Debug|Any CPU
		{7C0221FF-9F8F-48B8-B95D-4F4B3B48CFED}.Debug|Any CPU.Build.0 = Debug|Any CPU
		{7C0221FF-9F8F-48B8-B95D-4F4B3B48CFED}.Debug|x64.ActiveCfg = Debug|Any CPU
		{7C0221FF-9F8F-48B8-B95D-4F4B3B48CFED}.Debug|x64.Build.0 = Debug|Any CPU
		{7C0221FF-9F8F-48B8-B95D-4F4B3B48CFED}.Debug|x86.ActiveCfg = Debug|Any CPU
		{7C0221FF-9F8F-48B8-B95D-4F4B3B48CFED}.Debug|x86.Build.0 = Debug|Any CPU
		{7C0221FF-9F8F-48B8-B95D-4F4B3B48CFED}.Release|Any CPU.ActiveCfg = Release|Any CPU
		{7C0221FF-9F8F-48B8-B95D-4F4B3B48CFED}.Release|Any CPU.Build.0 = Release|Any CPU
		{7C0221FF-9F8F-48B8-B95D-4F4B3B48CFED}.Release|x64.ActiveCfg = Release|Any CPU
		{7C0221FF-9F8F-48B8-B95D-4F4B3B48CFED}.Release|x64.Build.0 = Release|Any CPU
		{7C0221FF-9F8F-48B8-B95D-4F4B3B48CFED}.Release|x86.ActiveCfg = Release|Any CPU
		{7C0221FF-9F8F-48B8-B95D-4F4B3B48CFED}.Release|x86.Build.0 = Release|Any CPU
		{62B68581-4F80-4A95-A070-FFDB53D65097}.Debug|Any CPU.ActiveCfg = Debug|Any CPU
		{62B68581-4F80-4A95-A070-FFDB53D65097}.Debug|Any CPU.Build.0 = Debug|Any CPU
		{62B68581-4F80-4A95-A070-FFDB53D65097}.Debug|x64.ActiveCfg = Debug|Any CPU
		{62B68581-4F80-4A95-A070-FFDB53D65097}.Debug|x64.Build.0 = Debug|Any CPU
		{62B68581-4F80-4A95-A070-FFDB53D65097}.Debug|x86.ActiveCfg = Debug|Any CPU
		{62B68581-4F80-4A95-A070-FFDB53D65097}.Debug|x86.Build.0 = Debug|Any CPU
		{62B68581-4F80-4A95-A070-FFDB53D65097}.Release|Any CPU.ActiveCfg = Release|Any CPU
		{62B68581-4F80-4A95-A070-FFDB53D65097}.Release|Any CPU.Build.0 = Release|Any CPU
		{62B68581-4F80-4A95-A070-FFDB53D65097}.Release|x64.ActiveCfg = Release|Any CPU
		{62B68581-4F80-4A95-A070-FFDB53D65097}.Release|x64.Build.0 = Release|Any CPU
		{62B68581-4F80-4A95-A070-FFDB53D65097}.Release|x86.ActiveCfg = Release|Any CPU
		{62B68581-4F80-4A95-A070-FFDB53D65097}.Release|x86.Build.0 = Release|Any CPU
		{5228A2BD-E7DB-46F1-8712-85C1482F4DB3}.Debug|Any CPU.ActiveCfg = Debug|Any CPU
		{5228A2BD-E7DB-46F1-8712-85C1482F4DB3}.Debug|Any CPU.Build.0 = Debug|Any CPU
		{5228A2BD-E7DB-46F1-8712-85C1482F4DB3}.Debug|x64.ActiveCfg = Debug|Any CPU
		{5228A2BD-E7DB-46F1-8712-85C1482F4DB3}.Debug|x64.Build.0 = Debug|Any CPU
		{5228A2BD-E7DB-46F1-8712-85C1482F4DB3}.Debug|x86.ActiveCfg = Debug|Any CPU
		{5228A2BD-E7DB-46F1-8712-85C1482F4DB3}.Debug|x86.Build.0 = Debug|Any CPU
		{5228A2BD-E7DB-46F1-8712-85C1482F4DB3}.Release|Any CPU.ActiveCfg = Release|Any CPU
		{5228A2BD-E7DB-46F1-8712-85C1482F4DB3}.Release|Any CPU.Build.0 = Release|Any CPU
		{5228A2BD-E7DB-46F1-8712-85C1482F4DB3}.Release|x64.ActiveCfg = Release|Any CPU
		{5228A2BD-E7DB-46F1-8712-85C1482F4DB3}.Release|x64.Build.0 = Release|Any CPU
		{5228A2BD-E7DB-46F1-8712-85C1482F4DB3}.Release|x86.ActiveCfg = Release|Any CPU
		{5228A2BD-E7DB-46F1-8712-85C1482F4DB3}.Release|x86.Build.0 = Release|Any CPU
		{599A25A4-F13A-4B10-91EB-DE51E6BDF4A4}.Debug|Any CPU.ActiveCfg = Debug|Any CPU
		{599A25A4-F13A-4B10-91EB-DE51E6BDF4A4}.Debug|Any CPU.Build.0 = Debug|Any CPU
		{599A25A4-F13A-4B10-91EB-DE51E6BDF4A4}.Debug|x64.ActiveCfg = Debug|Any CPU
		{599A25A4-F13A-4B10-91EB-DE51E6BDF4A4}.Debug|x64.Build.0 = Debug|Any CPU
		{599A25A4-F13A-4B10-91EB-DE51E6BDF4A4}.Debug|x86.ActiveCfg = Debug|Any CPU
		{599A25A4-F13A-4B10-91EB-DE51E6BDF4A4}.Debug|x86.Build.0 = Debug|Any CPU
		{599A25A4-F13A-4B10-91EB-DE51E6BDF4A4}.Release|Any CPU.ActiveCfg = Release|Any CPU
		{599A25A4-F13A-4B10-91EB-DE51E6BDF4A4}.Release|Any CPU.Build.0 = Release|Any CPU
		{599A25A4-F13A-4B10-91EB-DE51E6BDF4A4}.Release|x64.ActiveCfg = Release|Any CPU
		{599A25A4-F13A-4B10-91EB-DE51E6BDF4A4}.Release|x64.Build.0 = Release|Any CPU
		{599A25A4-F13A-4B10-91EB-DE51E6BDF4A4}.Release|x86.ActiveCfg = Release|Any CPU
		{599A25A4-F13A-4B10-91EB-DE51E6BDF4A4}.Release|x86.Build.0 = Release|Any CPU
		{E579F659-EFC3-4131-AEC8-7BE843CDD13C}.Debug|Any CPU.ActiveCfg = Debug|Any CPU
		{E579F659-EFC3-4131-AEC8-7BE843CDD13C}.Debug|Any CPU.Build.0 = Debug|Any CPU
		{E579F659-EFC3-4131-AEC8-7BE843CDD13C}.Debug|x64.ActiveCfg = Debug|Any CPU
		{E579F659-EFC3-4131-AEC8-7BE843CDD13C}.Debug|x64.Build.0 = Debug|Any CPU
		{E579F659-EFC3-4131-AEC8-7BE843CDD13C}.Debug|x86.ActiveCfg = Debug|Any CPU
		{E579F659-EFC3-4131-AEC8-7BE843CDD13C}.Debug|x86.Build.0 = Debug|Any CPU
		{E579F659-EFC3-4131-AEC8-7BE843CDD13C}.Release|Any CPU.ActiveCfg = Release|Any CPU
		{E579F659-EFC3-4131-AEC8-7BE843CDD13C}.Release|Any CPU.Build.0 = Release|Any CPU
		{E579F659-EFC3-4131-AEC8-7BE843CDD13C}.Release|x64.ActiveCfg = Release|Any CPU
		{E579F659-EFC3-4131-AEC8-7BE843CDD13C}.Release|x64.Build.0 = Release|Any CPU
		{E579F659-EFC3-4131-AEC8-7BE843CDD13C}.Release|x86.ActiveCfg = Release|Any CPU
		{E579F659-EFC3-4131-AEC8-7BE843CDD13C}.Release|x86.Build.0 = Release|Any CPU
		{7D8755BD-17AC-4285-AFB4-DB54C025D9FF}.Debug|Any CPU.ActiveCfg = Debug|Any CPU
		{7D8755BD-17AC-4285-AFB4-DB54C025D9FF}.Debug|Any CPU.Build.0 = Debug|Any CPU
		{7D8755BD-17AC-4285-AFB4-DB54C025D9FF}.Debug|x64.ActiveCfg = Debug|Any CPU
		{7D8755BD-17AC-4285-AFB4-DB54C025D9FF}.Debug|x64.Build.0 = Debug|Any CPU
		{7D8755BD-17AC-4285-AFB4-DB54C025D9FF}.Debug|x86.ActiveCfg = Debug|Any CPU
		{7D8755BD-17AC-4285-AFB4-DB54C025D9FF}.Debug|x86.Build.0 = Debug|Any CPU
		{7D8755BD-17AC-4285-AFB4-DB54C025D9FF}.Release|Any CPU.ActiveCfg = Release|Any CPU
		{7D8755BD-17AC-4285-AFB4-DB54C025D9FF}.Release|Any CPU.Build.0 = Release|Any CPU
		{7D8755BD-17AC-4285-AFB4-DB54C025D9FF}.Release|x64.ActiveCfg = Release|Any CPU
		{7D8755BD-17AC-4285-AFB4-DB54C025D9FF}.Release|x64.Build.0 = Release|Any CPU
		{7D8755BD-17AC-4285-AFB4-DB54C025D9FF}.Release|x86.ActiveCfg = Release|Any CPU
		{7D8755BD-17AC-4285-AFB4-DB54C025D9FF}.Release|x86.Build.0 = Release|Any CPU
		{E8ED01A4-D308-4A84-A269-4B1BD17E0842}.Debug|Any CPU.ActiveCfg = Debug|Any CPU
		{E8ED01A4-D308-4A84-A269-4B1BD17E0842}.Debug|Any CPU.Build.0 = Debug|Any CPU
		{E8ED01A4-D308-4A84-A269-4B1BD17E0842}.Debug|x64.ActiveCfg = Debug|Any CPU
		{E8ED01A4-D308-4A84-A269-4B1BD17E0842}.Debug|x64.Build.0 = Debug|Any CPU
		{E8ED01A4-D308-4A84-A269-4B1BD17E0842}.Debug|x86.ActiveCfg = Debug|Any CPU
		{E8ED01A4-D308-4A84-A269-4B1BD17E0842}.Debug|x86.Build.0 = Debug|Any CPU
		{E8ED01A4-D308-4A84-A269-4B1BD17E0842}.Release|Any CPU.ActiveCfg = Release|Any CPU
		{E8ED01A4-D308-4A84-A269-4B1BD17E0842}.Release|Any CPU.Build.0 = Release|Any CPU
		{E8ED01A4-D308-4A84-A269-4B1BD17E0842}.Release|x64.ActiveCfg = Release|Any CPU
		{E8ED01A4-D308-4A84-A269-4B1BD17E0842}.Release|x64.Build.0 = Release|Any CPU
		{E8ED01A4-D308-4A84-A269-4B1BD17E0842}.Release|x86.ActiveCfg = Release|Any CPU
		{E8ED01A4-D308-4A84-A269-4B1BD17E0842}.Release|x86.Build.0 = Release|Any CPU
		{1F923F61-97BA-4493-89CF-55B714B75B02}.Debug|Any CPU.ActiveCfg = Debug|Any CPU
		{1F923F61-97BA-4493-89CF-55B714B75B02}.Debug|Any CPU.Build.0 = Debug|Any CPU
		{1F923F61-97BA-4493-89CF-55B714B75B02}.Debug|x64.ActiveCfg = Debug|Any CPU
		{1F923F61-97BA-4493-89CF-55B714B75B02}.Debug|x64.Build.0 = Debug|Any CPU
		{1F923F61-97BA-4493-89CF-55B714B75B02}.Debug|x86.ActiveCfg = Debug|Any CPU
		{1F923F61-97BA-4493-89CF-55B714B75B02}.Debug|x86.Build.0 = Debug|Any CPU
		{1F923F61-97BA-4493-89CF-55B714B75B02}.Release|Any CPU.ActiveCfg = Release|Any CPU
		{1F923F61-97BA-4493-89CF-55B714B75B02}.Release|Any CPU.Build.0 = Release|Any CPU
		{1F923F61-97BA-4493-89CF-55B714B75B02}.Release|x64.ActiveCfg = Release|Any CPU
		{1F923F61-97BA-4493-89CF-55B714B75B02}.Release|x64.Build.0 = Release|Any CPU
		{1F923F61-97BA-4493-89CF-55B714B75B02}.Release|x86.ActiveCfg = Release|Any CPU
		{1F923F61-97BA-4493-89CF-55B714B75B02}.Release|x86.Build.0 = Release|Any CPU
	EndGlobalSection
	GlobalSection(SolutionProperties) = preSolution
		HideSolutionNode = FALSE
	EndGlobalSection
	GlobalSection(ExtensibilityGlobals) = postSolution
		SolutionGuid = {96068FA4-A935-494E-BD35-B9175049863F}
	EndGlobalSection
EndGlobal
